
Microsoft Visual Studio Solution File, Format Version 12.00
# Visual Studio Version 17
VisualStudioVersion = 17.3.32929.385
MinimumVisualStudioVersion = 10.0.40219.1
Project("{FAE04EC0-301F-11D3-BF4B-00C04F79EFBC}") = "Geana_Alex_Lab01", "Geana_Alex_Lab01\Geana_Alex_Lab01.csproj", "{2FDE9D85-3BBC-4A1F-A129-7E509C02DAC4}"
EndProject
Global
	GlobalSection(SolutionConfigurationPlatforms) = preSolution
		Debug|Any CPU = Debug|Any CPU
		Release|Any CPU = Release|Any CPU
	EndGlobalSection
	GlobalSection(ProjectConfigurationPlatforms) = postSolution
		{2FDE9D85-3BBC-4A1F-A129-7E509C02DAC4}.Debug|Any CPU.ActiveCfg = Debug|Any CPU
		{2FDE9D85-3BBC-4A1F-A129-7E509C02DAC4}.Debug|Any CPU.Build.0 = Debug|Any CPU
		{2FDE9D85-3BBC-4A1F-A129-7E509C02DAC4}.Release|Any CPU.ActiveCfg = Release|Any CPU
		{2FDE9D85-3BBC-4A1F-A129-7E509C02DAC4}.Release|Any CPU.Build.0 = Release|Any CPU
	EndGlobalSection
	GlobalSection(SolutionProperties) = preSolution
		HideSolutionNode = FALSE
	EndGlobalSection
	GlobalSection(ExtensibilityGlobals) = postSolution
		SolutionGuid = {2E91971D-E47C-4771-B54B-2AF957ABF07A}
	EndGlobalSection
EndGlobal
